
Microsoft Visual Studio Solution File, Format Version 12.00
# Visual Studio 15
VisualStudioVersion = 15.0.28307.1525
MinimumVisualStudioVersion = 10.0.40219.1
Project("{FAE04EC0-301F-11D3-BF4B-00C04F79EFBC}") = "CapaVisual", "CapaVisual\CapaVisual.csproj", "{D7AA674E-933E-40A2-BC2C-DE3D31769E1D}"
EndProject
Global
	GlobalSection(SolutionConfigurationPlatforms) = preSolution
		Debug|Any CPU = Debug|Any CPU
		Release|Any CPU = Release|Any CPU
	EndGlobalSection
	GlobalSection(ProjectConfigurationPlatforms) = postSolution
		{D7AA674E-933E-40A2-BC2C-DE3D31769E1D}.Debug|Any CPU.ActiveCfg = Debug|Any CPU
		{D7AA674E-933E-40A2-BC2C-DE3D31769E1D}.Debug|Any CPU.Build.0 = Debug|Any CPU
		{D7AA674E-933E-40A2-BC2C-DE3D31769E1D}.Release|Any CPU.ActiveCfg = Release|Any CPU
		{D7AA674E-933E-40A2-BC2C-DE3D31769E1D}.Release|Any CPU.Build.0 = Release|Any CPU
	EndGlobalSection
	GlobalSection(SolutionProperties) = preSolution
		HideSolutionNode = FALSE
	EndGlobalSection
	GlobalSection(ExtensibilityGlobals) = postSolution
		SolutionGuid = {8AB75219-BA94-48D0-958D-EA8FAC6E0E58}
	EndGlobalSection
EndGlobal
