
Microsoft Visual Studio Solution File, Format Version 12.00
# Visual Studio 15
VisualStudioVersion = 15.0.28307.1525
MinimumVisualStudioVersion = 10.0.40219.1
Project("{FAE04EC0-301F-11D3-BF4B-00C04F79EFBC}") = "CapaLogica", "CapaLogica\CapaLogica.csproj", "{66855F56-CF4A-4155-9AE2-9CB50F63982C}"
EndProject
Project("{FAE04EC0-301F-11D3-BF4B-00C04F79EFBC}") = "CapaDeDatos", "CapaDeDatos\CapaDeDatos.csproj", "{4CAEC08A-3704-4C5F-BE54-EF69B7C7D6D9}"
EndProject
Project("{FAE04EC0-301F-11D3-BF4B-00C04F79EFBC}") = "AppAlumno", "..\..\..\AppAlumno\AppAlumno.csproj", "{4E3CFAB7-7A96-48AD-AB33-364D601B0DFF}"
EndProject
Project("{FAE04EC0-301F-11D3-BF4B-00C04F79EFBC}") = "AppDocente", "AppDocente\AppDocente.csproj", "{0C44AF75-D045-4D8A-BDA7-BF8D91504B4E}"
EndProject
Project("{FAE04EC0-301F-11D3-BF4B-00C04F79EFBC}") = "AppAdmin", "AppAdmin\AppAdmin.csproj", "{3C6A0004-E803-415A-BA27-BB750CF1E025}"
EndProject
Global
	GlobalSection(SolutionConfigurationPlatforms) = preSolution
		Debug|Any CPU = Debug|Any CPU
		Release|Any CPU = Release|Any CPU
	EndGlobalSection
	GlobalSection(ProjectConfigurationPlatforms) = postSolution
		{66855F56-CF4A-4155-9AE2-9CB50F63982C}.Debug|Any CPU.ActiveCfg = Debug|Any CPU
		{66855F56-CF4A-4155-9AE2-9CB50F63982C}.Debug|Any CPU.Build.0 = Debug|Any CPU
		{66855F56-CF4A-4155-9AE2-9CB50F63982C}.Release|Any CPU.ActiveCfg = Release|Any CPU
		{66855F56-CF4A-4155-9AE2-9CB50F63982C}.Release|Any CPU.Build.0 = Release|Any CPU
		{4CAEC08A-3704-4C5F-BE54-EF69B7C7D6D9}.Debug|Any CPU.ActiveCfg = Debug|Any CPU
		{4CAEC08A-3704-4C5F-BE54-EF69B7C7D6D9}.Debug|Any CPU.Build.0 = Debug|Any CPU
		{4CAEC08A-3704-4C5F-BE54-EF69B7C7D6D9}.Release|Any CPU.ActiveCfg = Release|Any CPU
		{4CAEC08A-3704-4C5F-BE54-EF69B7C7D6D9}.Release|Any CPU.Build.0 = Release|Any CPU
		{4E3CFAB7-7A96-48AD-AB33-364D601B0DFF}.Debug|Any CPU.ActiveCfg = Debug|Any CPU
		{4E3CFAB7-7A96-48AD-AB33-364D601B0DFF}.Debug|Any CPU.Build.0 = Debug|Any CPU
		{4E3CFAB7-7A96-48AD-AB33-364D601B0DFF}.Release|Any CPU.ActiveCfg = Release|Any CPU
		{4E3CFAB7-7A96-48AD-AB33-364D601B0DFF}.Release|Any CPU.Build.0 = Release|Any CPU
		{0C44AF75-D045-4D8A-BDA7-BF8D91504B4E}.Debug|Any CPU.ActiveCfg = Debug|Any CPU
		{0C44AF75-D045-4D8A-BDA7-BF8D91504B4E}.Debug|Any CPU.Build.0 = Debug|Any CPU
		{0C44AF75-D045-4D8A-BDA7-BF8D91504B4E}.Release|Any CPU.ActiveCfg = Release|Any CPU
		{0C44AF75-D045-4D8A-BDA7-BF8D91504B4E}.Release|Any CPU.Build.0 = Release|Any CPU
		{3C6A0004-E803-415A-BA27-BB750CF1E025}.Debug|Any CPU.ActiveCfg = Debug|Any CPU
		{3C6A0004-E803-415A-BA27-BB750CF1E025}.Debug|Any CPU.Build.0 = Debug|Any CPU
		{3C6A0004-E803-415A-BA27-BB750CF1E025}.Release|Any CPU.ActiveCfg = Release|Any CPU
		{3C6A0004-E803-415A-BA27-BB750CF1E025}.Release|Any CPU.Build.0 = Release|Any CPU
	EndGlobalSection
	GlobalSection(SolutionProperties) = preSolution
		HideSolutionNode = FALSE
	EndGlobalSection
	GlobalSection(ExtensibilityGlobals) = postSolution
		SolutionGuid = {EC539037-4B96-41FB-A42D-F444245E783E}
	EndGlobalSection
EndGlobal
